Microsoft Visual Studio Solution File, Format Version 9.00
# Visual Studio 2005
Project("{8BC9CEB8-8B4A-11D0-8D11-00A0C91BC942}") = "FSeconomy", "FSeconomy.vcproj", "{CCC891A6-18EB-4877-8926-6AE76ABB7C45}"
EndProject
Global
	GlobalSection(SolutionConfigurationPlatforms) = preSolution
		Debug|Win32 = Debug|Win32
		Release|Win32 = Release|Win32
	EndGlobalSection
	GlobalSection(ProjectConfigurationPlatforms) = postSolution
		{CCC891A6-18EB-4877-8926-6AE76ABB7C45}.Debug|Win32.ActiveCfg = Debug|Win32
		{CCC891A6-18EB-4877-8926-6AE76ABB7C45}.Debug|Win32.Build.0 = Debug|Win32
		{CCC891A6-18EB-4877-8926-6AE76ABB7C45}.Release|Win32.ActiveCfg = Release|Win32
		{CCC891A6-18EB-4877-8926-6AE76ABB7C45}.Release|Win32.Build.0 = Release|Win32
	EndGlobalSection
	GlobalSection(SolutionProperties) = preSolution
		HideSolutionNode = FALSE
	EndGlobalSection
EndGlobal
